
Microsoft Visual Studio Solution File, Format Version 12.00
# Visual Studio Version 17
VisualStudioVersion = 17.3.32922.545
MinimumVisualStudioVersion = 10.0.40219.1
Project("{FAE04EC0-301F-11D3-BF4B-00C04F79EFBC}") = "GuessTheColor", "GuessTheColor\GuessTheColor.csproj", "{EFC13FC1-4D42-40C2-80F1-D4EB58C0EC36}"
EndProject
Global
	GlobalSection(SolutionConfigurationPlatforms) = preSolution
		Debug|Any CPU = Debug|Any CPU
		Release|Any CPU = Release|Any CPU
	EndGlobalSection
	GlobalSection(ProjectConfigurationPlatforms) = postSolution
		{EFC13FC1-4D42-40C2-80F1-D4EB58C0EC36}.Debug|Any CPU.ActiveCfg = Debug|Any CPU
		{EFC13FC1-4D42-40C2-80F1-D4EB58C0EC36}.Debug|Any CPU.Build.0 = Debug|Any CPU
		{EFC13FC1-4D42-40C2-80F1-D4EB58C0EC36}.Release|Any CPU.ActiveCfg = Release|Any CPU
		{EFC13FC1-4D42-40C2-80F1-D4EB58C0EC36}.Release|Any CPU.Build.0 = Release|Any CPU
	EndGlobalSection
	GlobalSection(SolutionProperties) = preSolution
		HideSolutionNode = FALSE
	EndGlobalSection
	GlobalSection(ExtensibilityGlobals) = postSolution
		SolutionGuid = {E8BFA1BB-E561-4390-93C8-822B0BA31DA6}
	EndGlobalSection
EndGlobal
